// !$*UTF8*$!
{
	archiveVersion = 1;
	classes = {
	};
	objectVersion = 48;
	objects = {

/* Begin PBXBuildFile section */
		94EE54722033258C00016394 /* main.swift in Sources */ = {isa = PBXBuildFile; fileRef = 94EE54712033258C00016394 /* main.swift */; };
		94EE54792033E97700016394 /* Card.swift in Sources */ = {isa = PBXBuildFile; fileRef = 94EE54782033E97700016394 /* Card.swift */; };
		94EE547B2033EA3D00016394 /* ConsoleIO.swift in Sources */ = {isa = PBXBuildFile; fileRef = 94EE547A2033EA3D00016394 /* ConsoleIO.swift */; };
		94EE547D2033FFA500016394 /* CardShuffle.swift in Sources */ = {isa = PBXBuildFile; fileRef = 94EE547C2033FFA500016394 /* CardShuffle.swift */; };
		94EE547F203401D300016394 /* Config.swift in Sources */ = {isa = PBXBuildFile; fileRef = 94EE547E203401D300016394 /* Config.swift */; };
		94EE548120340AB100016394 /* ArrayExtensions.swift in Sources */ = {isa = PBXBuildFile; fileRef = 94EE548020340AB100016394 /* ArrayExtensions.swift */; };
/* End PBXBuildFile section */

/* Begin PBXCopyFilesBuildPhase section */
		94EE546C2033258C00016394 /* CopyFiles */ = {
			isa = PBXCopyFilesBuildPhase;
			buildActionMask = 2147483647;
			dstPath = /usr/share/man/man1/;
			dstSubfolderSpec = 0;
			files = (
			);
			runOnlyForDeploymentPostprocessing = 1;
		};
/* End PBXCopyFilesBuildPhase section */

/* Begin PBXFileReference section */
		94EE546E2033258C00016394 /* CardShuffle */ = {isa = PBXFileReference; explicitFileType = "compiled.mach-o.executable"; includeInIndex = 0; path = CardShuffle; sourceTree = BUILT_PRODUCTS_DIR; };
		94EE54712033258C00016394 /* main.swift */ = {isa = PBXFileReference; lastKnownFileType = sourcecode.swift; path = main.swift; sourceTree = "<group>"; };
		94EE54782033E97700016394 /* Card.swift */ = {isa = PBXFileReference; lastKnownFileType = sourcecode.swift; path = Card.swift; sourceTree = "<group>"; };
		94EE547A2033EA3D00016394 /* ConsoleIO.swift */ = {isa = PBXFileReference; lastKnownFileType = sourcecode.swift; path = ConsoleIO.swift; sourceTree = "<group>"; };
		94EE547C2033FFA500016394 /* CardShuffle.swift */ = {isa = PBXFileReference; lastKnownFileType = sourcecode.swift; path = CardShuffle.swift; sourceTree = "<group>"; };
		94EE547E203401D300016394 /* Config.swift */ = {isa = PBXFileReference; lastKnownFileType = sourcecode.swift; path = Config.swift; sourceTree = "<group>"; };
		94EE548020340AB100016394 /* ArrayExtensions.swift */ = {isa = PBXFileReference; lastKnownFileType = sourcecode.swift; path = ArrayExtensions.swift; sourceTree = "<group>"; };
/* End PBXFileReference section */

/* Begin PBXFrameworksBuildPhase section */
		94EE546B2033258C00016394 /* Frameworks */ = {
			isa = PBXFrameworksBuildPhase;
			buildActionMask = 2147483647;
			files = (
			);
			runOnlyForDeploymentPostprocessing = 0;
		};
/* End PBXFrameworksBuildPhase section */

/* Begin PBXGroup section */
		94EE54652033258C00016394 = {
			isa = PBXGroup;
			children = (
				94EE54702033258C00016394 /* CardShuffle */,
				94EE546F2033258C00016394 /* Products */,
			);
			sourceTree = "<group>";
		};
		94EE546F2033258C00016394 /* Products */ = {
			isa = PBXGroup;
			children = (
				94EE546E2033258C00016394 /* CardShuffle */,
			);
			name = Products;
			sourceTree = "<group>";
		};
		94EE54702033258C00016394 /* CardShuffle */ = {
			isa = PBXGroup;
			children = (
				94EE54712033258C00016394 /* main.swift */,
				94EE54782033E97700016394 /* Card.swift */,
				94EE547A2033EA3D00016394 /* ConsoleIO.swift */,
				94EE547C2033FFA500016394 /* CardShuffle.swift */,
				94EE547E203401D300016394 /* Config.swift */,
				94EE548020340AB100016394 /* ArrayExtensions.swift */,
			);
			path = CardShuffle;
			sourceTree = "<group>";
		};
/* End PBXGroup section */

/* Begin PBXNativeTarget section */
		94EE546D2033258C00016394 /* CardShuffle */ = {
			isa = PBXNativeTarget;
			buildConfigurationList = 94EE54752033258C00016394 /* Build configuration list for PBXNativeTarget "CardShuffle" */;
			buildPhases = (
				94EE546A2033258C00016394 /* Sources */,
				94EE546B2033258C00016394 /* Frameworks */,
				94EE546C2033258C00016394 /* CopyFiles */,
			);
			buildRules = (
			);
			dependencies = (
			);
			name = CardShuffle;
			productName = CardShuffle;
			productReference = 94EE546E2033258C00016394 /* CardShuffle */;
			productType = "com.apple.product-type.tool";
		};
/* End PBXNativeTarget section */

/* Begin PBXProject section */
		94EE54662033258C00016394 /* Project object */ = {
			isa = PBXProject;
			attributes = {
				LastSwiftUpdateCheck = 0920;
				LastUpgradeCheck = 0920;
				ORGANIZATIONNAME = Phil;
				TargetAttributes = {
					94EE546D2033258C00016394 = {
						CreatedOnToolsVersion = 9.2;
						ProvisioningStyle = Automatic;
					};
				};
			};
			buildConfigurationList = 94EE54692033258C00016394 /* Build configuration list for PBXProject "CardShuffle" */;
			compatibilityVersion = "Xcode 8.0";
			developmentRegion = en;
			hasScannedForEncodings = 0;
			knownRegions = (
				en,
			);
			mainGroup = 94EE54652033258C00016394;
			productRefGroup = 94EE546F2033258C00016394 /* Products */;
			projectDirPath = "";
			projectRoot = "";
			targets = (
				94EE546D2033258C00016394 /* CardShuffle */,
			);
		};
/* End PBXProject section */

/* Begin PBXSourcesBuildPhase section */
		94EE546A2033258C00016394 /* Sources */ = {
			isa = PBXSourcesBuildPhase;
			buildActionMask = 2147483647;
			files = (
				94EE547B2033EA3D00016394 /* ConsoleIO.swift in Sources */,
				94EE548120340AB100016394 /* ArrayExtensions.swift in Sources */,
				94EE54722033258C00016394 /* main.swift in Sources */,
				94EE54792033E97700016394 /* Card.swift in Sources */,
				94EE547F203401D300016394 /* Config.swift in Sources */,
				94EE547D2033FFA500016394 /* CardShuffle.swift in Sources */,
			);
			runOnlyForDeploymentPostprocessing = 0;
		};
/* End PBXSourcesBuildPhase section */

/* Begin XCBuildConfiguration section */
		94EE54732033258C00016394 /* Debug */ = {
			isa = XCBuildConfiguration;
			buildSettings = {
				ALWAYS_SEARCH_USER_PATHS = NO;
				CLANG_ANALYZER_NONNULL = YES;
				CLANG_ANALYZER_NUMBER_OBJECT_CONVERSION = YES_AGGRESSIVE;
				CLANG_CXX_LANGUAGE_STANDARD = "gnu++14";
				CLANG_CXX_LIBRARY = "libc++";
				CLANG_ENABLE_MODULES = YES;
				CLANG_ENABLE_OBJC_ARC = YES;
				CLANG_WARN_BLOCK_CAPTURE_AUTORELEASING = YES;
				CLANG_WARN_BOOL_CONVERSION = YES;
				CLANG_WARN_COMMA = YES;
				CLANG_WARN_CONSTANT_CONVERSION = YES;
				CLANG_WARN_DIRECT_OBJC_ISA_USAGE = YES_ERROR;
				CLANG_WARN_DOCUMENTATION_COMMENTS = YES;
				CLANG_WARN_EMPTY_BODY = YES;
				CLANG_WARN_ENUM_CONVERSION = YES;
				CLANG_WARN_INFINITE_RECURSION = YES;
				CLANG_WARN_INT_CONVERSION = YES;
				CLANG_WARN_NON_LITERAL_NULL_CONVERSION = YES;
				CLANG_WARN_OBJC_LITERAL_CONVERSION = YES;
				CLANG_WARN_OBJC_ROOT_CLASS = YES_ERROR;
				CLANG_WARN_RANGE_LOOP_ANALYSIS = YES;
				CLANG_WARN_STRICT_PROTOTYPES = YES;
				CLANG_WARN_SUSPICIOUS_MOVE = YES;
				CLANG_WARN_UNGUARDED_AVAILABILITY = YES_AGGRESSIVE;
				CLANG_WARN_UNREACHABLE_CODE = YES;
				CLANG_WARN__DUPLICATE_METHOD_MATCH = YES;
				CODE_SIGN_IDENTITY = "Mac Developer";
				COPY_PHASE_STRIP = NO;
				DEBUG_INFORMATION_FORMAT = dwarf;
				ENABLE_STRICT_OBJC_MSGSEND = YES;
				ENABLE_TESTABILITY = YES;
				GCC_C_LANGUAGE_STANDARD = gnu11;
				GCC_DYNAMIC_NO_PIC = NO;
				GCC_NO_COMMON_BLOCKS = YES;
				GCC_OPTIMIZATION_LEVEL = 0;
				GCC_PREPROCESSOR_DEFINITIONS = (
					"DEBUG=1",
					"$(inherited)",
				);
				GCC_WARN_64_TO_32_BIT_CONVERSION = YES;
				GCC_WARN_ABOUT_RETURN_TYPE = YES_ERROR;
				GCC_WARN_UNDECLARED_SELECTOR = YES;
				GCC_WARN_UNINITIALIZED_AUTOS = YES_AGGRESSIVE;
				GCC_WARN_UNUSED_FUNCTION = YES;
				GCC_WARN_UNUSED_VARIABLE = YES;
				MACOSX_DEPLOYMENT_TARGET = 10.13;
				MTL_ENABLE_DEBUG_INFO = YES;
				ONLY_ACTIVE_ARCH = YES;
				SDKROOT = macosx;
				SWIFT_ACTIVE_COMPILATION_CONDITIONS = DEBUG;
				SWIFT_OPTIMIZATION_LEVEL = "-Onone";
			};
			name = Debug;
		};
		94EE54742033258C00016394 /* Release */ = {
			isa = XCBuildConfiguration;
			buildSettings = {
				ALWAYS_SEARCH_USER_PATHS = NO;
				CLANG_ANALYZER_NONNULL = YES;
				CLANG_ANALYZER_NUMBER_OBJECT_CONVERSION = YES_AGGRESSIVE;
				CLANG_CXX_LANGUAGE_STANDARD = "gnu++14";
				CLANG_CXX_LIBRARY = "libc++";
				CLANG_ENABLE_MODULES = YES;
				CLANG_ENABLE_OBJC_ARC = YES;
				CLANG_WARN_BLOCK_CAPTURE_AUTORELEASING = YES;
				CLANG_WARN_BOOL_CONVERSION = YES;
				CLANG_WARN_COMMA = YES;
				CLANG_WARN_CONSTANT_CONVERSION = YES;
				CLANG_WARN_DIRECT_OBJC_ISA_USAGE = YES_ERROR;
				CLANG_WARN_DOCUMENTATION_COMMENTS = YES;
				CLANG_WARN_EMPTY_BODY = YES;
				CLANG_WARN_ENUM_CONVERSION = YES;
				CLANG_WARN_INFINITE_RECURSION = YES;
				CLANG_WARN_INT_CONVERSION = YES;
				CLANG_WARN_NON_LITERAL_NULL_CONVERSION = YES;
				CLANG_WARN_OBJC_LITERAL_CONVERSION = YES;
				CLANG_WARN_OBJC_ROOT_CLASS = YES_ERROR;
				CLANG_WARN_RANGE_LOOP_ANALYSIS = YES;
				CLANG_WARN_STRICT_PROTOTYPES = YES;
				CLANG_WARN_SUSPICIOUS_MOVE = YES;
				CLANG_WARN_UNGUARDED_AVAILABILITY = YES_AGGRESSIVE;
				CLANG_WARN_UNREACHABLE_CODE = YES;
				CLANG_WARN__DUPLICATE_METHOD_MATCH = YES;
				CODE_SIGN_IDENTITY = "Mac Developer";
				COPY_PHASE_STRIP = NO;
				DEBUG_INFORMATION_FORMAT = "dwarf-with-dsym";
				ENABLE_NS_ASSERTIONS = NO;
				ENABLE_STRICT_OBJC_MSGSEND = YES;
				GCC_C_LANGUAGE_STANDARD = gnu11;
				GCC_NO_COMMON_BLOCKS = YES;
				GCC_WARN_64_TO_32_BIT_CONVERSION = YES;
				GCC_WARN_ABOUT_RETURN_TYPE = YES_ERROR;
				GCC_WARN_UNDECLARED_SELECTOR = YES;
				GCC_WARN_UNINITIALIZED_AUTOS = YES_AGGRESSIVE;
				GCC_WARN_UNUSED_FUNCTION = YES;
				GCC_WARN_UNUSED_VARIABLE = YES;
				MACOSX_DEPLOYMENT_TARGET = 10.13;
				MTL_ENABLE_DEBUG_INFO = NO;
				SDKROOT = macosx;
				SWIFT_OPTIMIZATION_LEVEL = "-Owholemodule";
			};
			name = Release;
		};
		94EE54762033258C00016394 /* Debug */ = {
			isa = XCBuildConfiguration;
			buildSettings = {
				CODE_SIGN_STYLE = Automatic;
				DEVELOPMENT_TEAM = LZX69D2T2M;
				PRODUCT_NAME = "$(TARGET_NAME)";
				SWIFT_VERSION = 4.0;
			};
			name = Debug;
		};
		94EE54772033258C00016394 /* Release */ = {
			isa = XCBuildConfiguration;
			buildSettings = {
				CODE_SIGN_STYLE = Automatic;
				DEVELOPMENT_TEAM = LZX69D2T2M;
				PRODUCT_NAME = "$(TARGET_NAME)";
				SWIFT_VERSION = 4.0;
			};
			name = Release;
		};
/* End XCBuildConfiguration section */

/* Begin XCConfigurationList section */
		94EE54692033258C00016394 /* Build configuration list for PBXProject "CardShuffle" */ = {
			isa = XCConfigurationList;
			buildConfigurations = (
				94EE54732033258C00016394 /* Debug */,
				94EE54742033258C00016394 /* Release */,
			);
			defaultConfigurationIsVisible = 0;
			defaultConfigurationName = Release;
		};
		94EE54752033258C00016394 /* Build configuration list for PBXNativeTarget "CardShuffle" */ = {
			isa = XCConfigurationList;
			buildConfigurations = (
				94EE54762033258C00016394 /* Debug */,
				94EE54772033258C00016394 /* Release */,
			);
			defaultConfigurationIsVisible = 0;
			defaultConfigurationName = Release;
		};
/* End XCConfigurationList section */
	};
	rootObject = 94EE54662033258C00016394 /* Project object */;
}
